{
    "_meta": {
        "hash": {
            "sha256": "cfbf3fa3287eca5bfb3dadc6b3c4a98e21d8c294c156a63f67f48d24a873d1c8"
        },
        "pipfile-spec": 6,
        "requires": {
            "python_version": "3.7"
        },
        "sources": [
            {
                "name": "pypi",
                "url": "https://pypi.org/simple",
                "verify_ssl": true
            }
        ]
    },
    "default": {},
    "develop": {
        "certifi": {
            "hashes": [
                "sha256:046832c04d4e752f37383b628bc601a7ea7211496b4638f6514d0e5b9acc4939",
                "sha256:945e3ba63a0b9f577b1395204e13c3a231f9bc0223888be653286534e5873695"
            ],
            "version": "==2019.6.16"
        },
        "chardet": {
            "hashes": [
                "sha256:84ab92ed1c4d4f16916e05906b6b75a6c0fb5db821cc65e70cbd64a3e2a5eaae",
                "sha256:fc323ffcaeaed0e0a02bf4d117757b98aed530d9ed4531e3e15460124c106691"
            ],
            "version": "==3.0.4"
        },
        "codacy-coverage": {
            "hashes": [
                "sha256:b94651934745c638a980ad8d67494077e60f71e19e29aad1c275b66e0a070cbc",
                "sha256:d8a1ce56b0dd156d6b1de14fa6217d32ec86097902f08a17ff2f95ba27264474"
            ],
            "index": "pypi",
            "version": "==1.3.11"
        },
        "coverage": {
            "hashes": [
                "sha256:0402b1822d513d0231589494bceddb067d20581f5083598c451b56c684b0e5d6",
                "sha256:0644e28e8aea9d9d563607ee8b7071b07dd57a4a3de11f8684cd33c51c0d1b93",
                "sha256:0874a283686803884ec0665018881130604956dbaa344f2539c46d82cbe29eda",
                "sha256:0988c3837df4bc371189bb3425d5232cf150055452034c232dda9cbe04f9c38e",
                "sha256:20bc3205b3100956bb72293fabb97f0ed972c81fed10b3251c90c70dcb0599ab",
                "sha256:2cc9142a3367e74eb6b19d58c53ebb1dfd7336b91cdcc91a6a2888bf8c7af984",
                "sha256:3ae9a0a59b058ce0761c3bd2c2d66ecb2ee2b8ac592620184370577f7a546fb3",
                "sha256:3b2e30b835df58cb973f478d09f3d82e90c98c8e5059acc245a8e4607e023801",
                "sha256:401e9b04894eb1498c639c6623ee78a646990ce5f095248e2440968aafd6e90e",
                "sha256:41ec5812d5decdaa72708be3018e7443e90def4b5a71294236a4df192cf9eab9",
                "sha256:475769b638a055e75b3d3219e054fe2a023c0b077ff15bff6c95aba7e93e6cac",
                "sha256:61424f4e2e82c4129a4ba71e10ebacb32a9ecd6f80de2cd05bdead6ba75ed736",
                "sha256:811969904d4dd0bee7d958898be8d9d75cef672d9b7e7db819dfeac3d20d2d0c",
                "sha256:86224bb99abfd672bf2f9fcecad5e8d7a3fa94f7f71513f2210460a0350307cd",
                "sha256:9a238a20a3af00665f8381f7e53e9c606f9bb652d2423f6b822f6cb790d887e8",
                "sha256:a23b3fbc14d4e6182ecebfd22f3729beef0636d151d94764a1c28330d185e4e5",
                "sha256:ac162b4ebe51b7a2b7f5e462c4402802633eb81e77c94f8a7c1ed8a556e72c75",
                "sha256:b6187378726c84365bf297b5dcdae8789b6a5823b200bea23797777e5a63be09",
                "sha256:bcd5723d905ed4a825f17410a53535f880b6d7548ae3d89078db7b1ceefcd853",
                "sha256:c48a4f9c5fb385269bb7fbaf9c1326a94863b65ec7f5c96b2ea56b252f01ad08",
                "sha256:cd40199d6f1c29c85b170d25589be9a97edff8ee7e62be180a2a137823896030",
                "sha256:d1bc331a7d069485ac1d8c25a0ea1f6aab6cb2a87146fb652222481c1bddc9ff",
                "sha256:d7e0cdc249aa0f94aa2e531b03999ddaf03a10b4fa090a894712d4c8066abd89",
                "sha256:e9ee8fcd8e067fcc5d7276d46e07e863102b70a52545ef4254df1ff0893ce75f",
                "sha256:eb313c23d983b7810504f42104e8dcd1c7ccdda8fbaab82aab92ab79fea19345",
                "sha256:f9cfd478654b509941b85ed70f870f5e3c74678f566bec12fd26545e5340ba47",
                "sha256:fae1fa144034d021a52cb9ea200eb8dedf91869c6df8202ad5d149b41ed91cc8"
            ],
            "index": "pypi",
            "version": "==5.0a5"
        },
        "idna": {
            "hashes": [
                "sha256:c357b3f628cf53ae2c4c05627ecc484553142ca23264e593d327bcde5e9c3407",
                "sha256:ea8b7f6188e6fa117537c3df7da9fc686d485087abf6ac197f9c46432f7e4a3c"
            ],
            "version": "==2.8"
        },
        "mypy": {
            "hashes": [
                "sha256:0107bff4f46a289f0e4081d59b77cef1c48ea43da5a0dbf0005d54748b26df2a",
                "sha256:07957f5471b3bb768c61f08690c96d8a09be0912185a27a68700f3ede99184e4",
                "sha256:10af62f87b6921eac50271e667cc234162a194e742d8e02fc4ddc121e129a5b0",
                "sha256:11fd60d2f69f0cefbe53ce551acf5b1cec1a89e7ce2d47b4e95a84eefb2899ae",
                "sha256:15e43d3b1546813669bd1a6ec7e6a11d2888db938e0607f7b5eef6b976671339",
                "sha256:352c24ba054a89bb9a35dd064ee95ab9b12903b56c72a8d3863d882e2632dc76",
                "sha256:437020a39417e85e22ea8edcb709612903a9924209e10b3ec6d8c9f05b79f498",
                "sha256:49925f9da7cee47eebf3420d7c0e00ec662ec6abb2780eb0a16260a7ba25f9c4",
                "sha256:6724fcd5777aa6cebfa7e644c526888c9d639bd22edd26b2a8038c674a7c34bd",
                "sha256:7a17613f7ea374ab64f39f03257f22b5755335b73251d0d253687a69029701ba",
                "sha256:cdc1151ced496ca1496272da7fc356580e95f2682be1d32377c22ddebdf73c91"
            ],
            "index": "pypi",
            "version": "==0.720"
        },
        "mypy-extensions": {
            "hashes": [
                "sha256:37e0e956f41369209a3d5f34580150bcacfabaa57b33a15c0b25f4b5725e0812",
                "sha256:b16cabe759f55e3409a7d231ebd2841378fb0c27a5d1994719e340e4f429ac3e"
            ],
            "version": "==0.4.1"
        },
        "requests": {
            "hashes": [
                "sha256:11e007a8a2aa0323f5a921e9e6a2d7e4e67d9877e85773fba9ba6419025cbeb4",
                "sha256:9cf5292fcd0f598c671cfc1e0d7d1a7f13bb8085e9a590f48c010551dc6c4b31"
            ],
            "version": "==2.22.0"
        },
        "typed-ast": {
            "hashes": [
                "sha256:18511a0b3e7922276346bcb47e2ef9f38fb90fd31cb9223eed42c85d1312344e",
                "sha256:262c247a82d005e43b5b7f69aff746370538e176131c32dda9cb0f324d27141e",
                "sha256:2b907eb046d049bcd9892e3076c7a6456c93a25bebfe554e931620c90e6a25b0",
                "sha256:354c16e5babd09f5cb0ee000d54cfa38401d8b8891eefa878ac772f827181a3c",
                "sha256:4e0b70c6fc4d010f8107726af5fd37921b666f5b31d9331f0bd24ad9a088e631",
                "sha256:630968c5cdee51a11c05a30453f8cd65e0cc1d2ad0d9192819df9978984529f4",
                "sha256:66480f95b8167c9c5c5c87f32cf437d585937970f3fc24386f313a4c97b44e34",
                "sha256:71211d26ffd12d63a83e079ff258ac9d56a1376a25bc80b1cdcdf601b855b90b",
                "sha256:95bd11af7eafc16e829af2d3df510cecfd4387f6453355188342c3e79a2ec87a",
                "sha256:bc6c7d3fa1325a0c6613512a093bc2a2a15aeec350451cbdf9e1d4bffe3e3233",
                "sha256:cc34a6f5b426748a507dd5d1de4c1978f2eb5626d51326e43280941206c209e1",
                "sha256:d755f03c1e4a51e9b24d899561fec4ccaf51f210d52abdf8c07ee2849b212a36",
                "sha256:d7c45933b1bdfaf9f36c579671fec15d25b06c8398f113dab64c18ed1adda01d",
                "sha256:d896919306dd0aa22d0132f62a1b78d11aaf4c9fc5b3410d3c666b818191630a",
                "sha256:ffde2fbfad571af120fcbfbbc61c72469e72f550d676c3342492a9dfdefb8f12"
            ],
            "version": "==1.4.0"
        },
        "typing-extensions": {
            "hashes": [
                "sha256:2ed632b30bb54fc3941c382decfd0ee4148f5c591651c9272473fea2c6397d95",
                "sha256:b1edbbf0652660e32ae780ac9433f4231e7339c7f9a8057d0f042fcbcea49b87",
                "sha256:d8179012ec2c620d3791ca6fe2bf7979d979acdbef1fca0bc56b37411db682ed"
            ],
            "version": "==3.7.4"
        },
        "urllib3": {
            "hashes": [
                "sha256:b246607a25ac80bedac05c6f282e3cdaf3afb65420fd024ac94435cabe6e18d1",
                "sha256:dbe59173209418ae49d485b87d1681aefa36252ee85884c31346debd19463232"
            ],
            "version": "==1.25.3"
        }
    }
}
